dependencies:
- name: traefik
  repository: https://traefik.github.io/charts
  version: 41.6.0
- name: authelia
  repository: https://charts.authelia.com
  version: 0.11.22
- name: prometheus
  repository: https://prometheus-community.github.io/helm-charts
  version: 25.0.0
- name: grafana
  repository: https://grafana.github.io/helm-charts
  version: 7.0.0
digest: sha256:12ecbab46e32b1802b7449fd4af4527957125fb8dcbffd5a0ba1cf5f5c3ec336
generated: "2026-09-19T18:42:15.852035149+02:00"
