dependencies:
- name: traefik
  repository: https://traefik.github.io/charts
  version: 41.6.0
- name: authelia
  repository: https://charts.authelia.com
  version: 0.11.22
- name: prometheus
  repository: https://prometheus-community.github.io/helm-charts
  version: 25.0.0
digest: sha256:60fca99bb55c6f8c020f6a942634d1cdd8b476465df831c5f7ee366eaa4d447e
generated: "2026-09-24T19:58:42.35348461+02:00"
