dependencies:
- name: traefik
  repository: https://traefik.github.io/charts
  version: 41.6.0
- name: authelia
  repository: https://charts.authelia.com
  version: 0.11.22
- name: cert-manager
  repository: https://charts.jetstack.io
  version: v1.18.2
digest: sha256:e0d3c2887481a023adeddf443fad8db040b1137aeb08e979fb1419adab55a6db
generated: "2026-10-04T16:54:20.330482442+02:00"
